
Microsoft Visual Studio Solution File, Format Version 12.00
# Visual Studio Version 16
VisualStudioVersion = 16.0.29411.108
MinimumVisualStudioVersion = 10.0.40219.1
Project("{FAE04EC0-301F-11D3-BF4B-00C04F79EFBC}") = "HRS", "HRS\HRS.csproj", "{92DB0511-34E8-461E-A482-5E439EC04B4E}"
EndProject
Global
	GlobalSection(SolutionConfigurationPlatforms) = preSolution
		Debug|Any CPU = Debug|Any CPU
		Release|Any CPU = Release|Any CPU
	EndGlobalSection
	GlobalSection(ProjectConfigurationPlatforms) = postSolution
		{92DB0511-34E8-461E-A482-5E439EC04B4E}.Debug|Any CPU.ActiveCfg = Debug|Any CPU
		{92DB0511-34E8-461E-A482-5E439EC04B4E}.Debug|Any CPU.Build.0 = Debug|Any CPU
		{92DB0511-34E8-461E-A482-5E439EC04B4E}.Release|Any CPU.ActiveCfg = Release|Any CPU
		{92DB0511-34E8-461E-A482-5E439EC04B4E}.Release|Any CPU.Build.0 = Release|Any CPU
	EndGlobalSection
	GlobalSection(SolutionProperties) = preSolution
		HideSolutionNode = FALSE
	EndGlobalSection
	GlobalSection(ExtensibilityGlobals) = postSolution
		SolutionGuid = {1CD4CBEA-7AF0-4BF5-A813-8918D18BFFC3}
	EndGlobalSection
EndGlobal
